<?xml version="1.0" encoding="utf-8"?>
<Project ToolsVersion="4.0" xmlns="http://schemas.microsoft.com/developer/msbuild/2003">
  <ItemGroup>
    <Filter Include="Source Files">
      <UniqueIdentifier>{4FC737F1-C7A5-4376-A066-2A32D752A2FF}</UniqueIdentifier>
      <Extensions>cpp;c;cc;cxx;def;odl;idl;hpj;bat;asm;asmx</Extensions>
    </Filter>
    <Filter Include="Header Files">
      <UniqueIdentifier>{93995380-89BD-4b04-88EB-625FBE52EBFB}</UniqueIdentifier>
      <Extensions>h;hpp;hxx;hm;inl;inc;xsd</Extensions>
    </Filter>
    <Filter Include="Resource Files">
      <UniqueIdentifier>{67DA6AB6-F800-4c08-8B7A-83BB121AAD01}</UniqueIdentifier>
      <Extensions>rc;ico;cur;bmp;dlg;rc2;rct;bin;rgs;gif;jpg;jpeg;jpe;resx;tiff;tif;png;wav;mfcribbon-ms</Extensions>
    </Filter>
  </ItemGroup>
  <ItemGroup>
    <ClCompile Include="HihoCoderMain.cpp">
      <Filter>Source Files</Filter>
    </ClCompile>
    <ClCompile Include="A_Plus_B_Problem.cpp">
      <Filter>Source Files</Filter>
    </ClCompile>
    <ClCompile Include="InequalityCount.cpp">
      <Filter>Source Files</Filter>
    </ClCompile>
    <ClCompile Include="StringReplace.cpp">
      <Filter>Source Files</Filter>
    </ClCompile>
    <ClCompile Include="MazePath.cpp">
      <Filter>Source Files</Filter>
    </ClCompile>
    <ClCompile Include="Fibonacci.cpp">
      <Filter>Source Files</Filter>
    </ClCompile>
    <ClCompile Include="MedianFinder.cpp">
      <Filter>Source Files</Filter>
    </ClCompile>
    <ClCompile Include="WordPattern.cpp">
      <Filter>Source Files</Filter>
    </ClCompile>
    <ClCompile Include="Integer2Words.cpp">
      <Filter>Source Files</Filter>
    </ClCompile>
    <ClCompile Include="MissingNumber.cpp">
      <Filter>Source Files</Filter>
    </ClCompile>
    <ClCompile Include="SingleNumber.cpp">
      <Filter>Source Files</Filter>
    </ClCompile>
    <ClCompile Include="NumberofDigit.cpp">
      <Filter>Source Files</Filter>
    </ClCompile>
    <ClCompile Include="PowOperation.cpp">
      <Filter>Source Files</Filter>
    </ClCompile>
    <ClCompile Include="PowerofTwo.cpp">
      <Filter>Source Files</Filter>
    </ClCompile>
    <ClCompile Include="ContainDuplicate.cpp">
      <Filter>Source Files</Filter>
    </ClCompile>
    <ClCompile Include="GameOfLife.cpp">
      <Filter>Source Files</Filter>
    </ClCompile>
    <ClCompile Include="PerfectSquares.cpp">
      <Filter>Source Files</Filter>
    </ClCompile>
    <ClCompile Include="AddDigits.cpp">
      <Filter>Source Files</Filter>
    </ClCompile>
    <ClCompile Include="nthUglyNumber.cpp">
      <Filter>Source Files</Filter>
    </ClCompile>
    <ClCompile Include="MoveZeros.cpp">
      <Filter>Source Files</Filter>
    </ClCompile>
    <ClCompile Include="NimGame.cpp">
      <Filter>Source Files</Filter>
    </ClCompile>
    <ClCompile Include="HappyNumber.cpp">
      <Filter>Source Files</Filter>
    </ClCompile>
    <ClCompile Include="UglyNumber.cpp">
      <Filter>Source Files</Filter>
    </ClCompile>
    <ClCompile Include="MajorityElement.cpp">
      <Filter>Source Files</Filter>
    </ClCompile>
    <ClCompile Include="StackUseQueue.cpp">
      <Filter>Source Files</Filter>
    </ClCompile>
    <ClCompile Include="ReverseInteger.cpp">
      <Filter>Source Files</Filter>
    </ClCompile>
    <ClCompile Include="findDuplicate.cpp">
      <Filter>Source Files</Filter>
    </ClCompile>
    <ClCompile Include="MySqrt.cpp">
      <Filter>Source Files</Filter>
    </ClCompile>
    <ClCompile Include="PlusOne.cpp">
      <Filter>Source Files</Filter>
    </ClCompile>
    <ClCompile Include="MedianOfTwoSortedArrays.cpp">
      <Filter>Source Files</Filter>
    </ClCompile>
    <ClCompile Include="AddTwoNumbers.cpp">
      <Filter>Source Files</Filter>
    </ClCompile>
    <ClCompile Include="TwoSum.cpp">
      <Filter>Source Files</Filter>
    </ClCompile>
    <ClCompile Include="LongestSubString.cpp">
      <Filter>Source Files</Filter>
    </ClCompile>
    <ClCompile Include="MergeTwoSortedLists.cpp">
      <Filter>Source Files</Filter>
    </ClCompile>
    <ClCompile Include="MergeKSortedLists.cpp">
      <Filter>Source Files</Filter>
    </ClCompile>
    <ClCompile Include="ZigZagConversion.cpp">
      <Filter>Source Files</Filter>
    </ClCompile>
    <ClCompile Include="SwapPairs.cpp">
      <Filter>Source Files</Filter>
    </ClCompile>
    <ClCompile Include="StringToInteger.cpp">
      <Filter>Source Files</Filter>
    </ClCompile>
    <ClCompile Include="DivideTwoIntegers.cpp">
      <Filter>Source Files</Filter>
    </ClCompile>
    <ClCompile Include="TestPointer.cpp">
      <Filter>Source Files</Filter>
    </ClCompile>
    <ClCompile Include="TestVirtualClass.cpp">
      <Filter>Source Files</Filter>
    </ClCompile>
    <ClCompile Include="Search2DMatrix.cpp">
      <Filter>Source Files</Filter>
    </ClCompile>
    <ClCompile Include="H_Index.cpp">
      <Filter>Source Files</Filter>
    </ClCompile>
    <ClCompile Include="ReverseLinklist.cpp">
      <Filter>Source Files</Filter>
    </ClCompile>
    <ClCompile Include="LargestNumber.cpp">
      <Filter>Source Files</Filter>
    </ClCompile>
    <ClCompile Include="BinaryTreePath.cpp">
      <Filter>Source Files</Filter>
    </ClCompile>
    <ClCompile Include="DeleteNode.cpp">
      <Filter>Source Files</Filter>
    </ClCompile>
    <ClCompile Include="RemoveLinkListElementValue.cpp">
      <Filter>Source Files</Filter>
    </ClCompile>
    <ClCompile Include="RemoveElement.cpp">
      <Filter>Source Files</Filter>
    </ClCompile>
    <ClCompile Include="SearchIndexNumber.cpp">
      <Filter>Source Files</Filter>
    </ClCompile>
    <ClCompile Include="SearchForRange.cpp">
      <Filter>Source Files</Filter>
    </ClCompile>
    <ClCompile Include="HuwWeiTestCharReverse.cpp">
      <Filter>Source Files</Filter>
    </ClCompile>
    <ClCompile Include="HuaWeiTestCountrySort.cpp">
      <Filter>Source Files</Filter>
    </ClCompile>
    <ClCompile Include="EditDistance.cpp">
      <Filter>Source Files</Filter>
    </ClCompile>
    <ClCompile Include="CountPrimes.cpp">
      <Filter>Source Files</Filter>
    </ClCompile>
    <ClCompile Include="CountAndSay.cpp">
      <Filter>Source Files</Filter>
    </ClCompile>
    <ClCompile Include="NumberOfIslands.cpp">
      <Filter>Source Files</Filter>
    </ClCompile>
    <ClCompile Include="CoinChange.cpp">
      <Filter>Source Files</Filter>
    </ClCompile>
    <ClCompile Include="TestC_basci.cpp">
      <Filter>Source Files</Filter>
    </ClCompile>
  </ItemGroup>
  <ItemGroup>
    <ClInclude Include="MedianFinder.h">
      <Filter>Header Files</Filter>
    </ClInclude>
    <ClInclude Include="WordPattern.h">
      <Filter>Header Files</Filter>
    </ClInclude>
    <ClInclude Include="Integer2Words.h">
      <Filter>Header Files</Filter>
    </ClInclude>
    <ClInclude Include="MissingNumber.h">
      <Filter>Header Files</Filter>
    </ClInclude>
    <ClInclude Include="SingleNumber.h">
      <Filter>Header Files</Filter>
    </ClInclude>
    <ClInclude Include="NumberofDigit.h">
      <Filter>Header Files</Filter>
    </ClInclude>
    <ClInclude Include="PowOperation.h">
      <Filter>Header Files</Filter>
    </ClInclude>
    <ClInclude Include="PowerofTwo.h">
      <Filter>Header Files</Filter>
    </ClInclude>
    <ClInclude Include="ContainDuplicate.h">
      <Filter>Header Files</Filter>
    </ClInclude>
    <ClInclude Include="GameOfLife.h">
      <Filter>Header Files</Filter>
    </ClInclude>
    <ClInclude Include="PerfectSquares.h">
      <Filter>Header Files</Filter>
    </ClInclude>
    <ClInclude Include="AddDigits.h">
      <Filter>Header Files</Filter>
    </ClInclude>
    <ClInclude Include="nthUglyNumber.h">
      <Filter>Header Files</Filter>
    </ClInclude>
    <ClInclude Include="MoveZeros.h">
      <Filter>Header Files</Filter>
    </ClInclude>
    <ClInclude Include="NimGame.h">
      <Filter>Header Files</Filter>
    </ClInclude>
    <ClInclude Include="HappyNumber.h">
      <Filter>Header Files</Filter>
    </ClInclude>
    <ClInclude Include="UglyNumber.h">
      <Filter>Header Files</Filter>
    </ClInclude>
    <ClInclude Include="MajorityElement.h">
      <Filter>Header Files</Filter>
    </ClInclude>
    <ClInclude Include="StackUseQueue.h">
      <Filter>Header Files</Filter>
    </ClInclude>
    <ClInclude Include="ReverseInteger.h">
      <Filter>Header Files</Filter>
    </ClInclude>
    <ClInclude Include="findDuplicate.h">
      <Filter>Header Files</Filter>
    </ClInclude>
    <ClInclude Include="MySqrt.h">
      <Filter>Header Files</Filter>
    </ClInclude>
    <ClInclude Include="PlusOne.h">
      <Filter>Header Files</Filter>
    </ClInclude>
    <ClInclude Include="MedianOfTwoSortedArrays.h">
      <Filter>Header Files</Filter>
    </ClInclude>
    <ClInclude Include="AddTwoNumbers.h">
      <Filter>Header Files</Filter>
    </ClInclude>
    <ClInclude Include="TwoSum.h">
      <Filter>Header Files</Filter>
    </ClInclude>
    <ClInclude Include="LongestSubString.h">
      <Filter>Header Files</Filter>
    </ClInclude>
    <ClInclude Include="MergeTwoSortedLists.h">
      <Filter>Header Files</Filter>
    </ClInclude>
    <ClInclude Include="MergeKSortedLists.h">
      <Filter>Header Files</Filter>
    </ClInclude>
    <ClInclude Include="ZigZagConversion.h">
      <Filter>Header Files</Filter>
    </ClInclude>
    <ClInclude Include="DataStructDefine.h">
      <Filter>Header Files</Filter>
    </ClInclude>
    <ClInclude Include="SwapPairs.h">
      <Filter>Header Files</Filter>
    </ClInclude>
    <ClInclude Include="StringToInteger.h">
      <Filter>Header Files</Filter>
    </ClInclude>
    <ClInclude Include="DivideTwoIntegers.h">
      <Filter>Header Files</Filter>
    </ClInclude>
    <ClInclude Include="TestPointer.h">
      <Filter>Header Files</Filter>
    </ClInclude>
    <ClInclude Include="TestVirtualClass.h">
      <Filter>Header Files</Filter>
    </ClInclude>
    <ClInclude Include="Search2DMatrix.h">
      <Filter>Header Files</Filter>
    </ClInclude>
    <ClInclude Include="H_Index.h">
      <Filter>Header Files</Filter>
    </ClInclude>
    <ClInclude Include="ReverseLinklist.h">
      <Filter>Header Files</Filter>
    </ClInclude>
    <ClInclude Include="LargestNumber.h">
      <Filter>Header Files</Filter>
    </ClInclude>
    <ClInclude Include="BinaryTreePath.h">
      <Filter>Header Files</Filter>
    </ClInclude>
    <ClInclude Include="DeleteNode.h">
      <Filter>Header Files</Filter>
    </ClInclude>
    <ClInclude Include="RemoveLinkListElementValue.h">
      <Filter>Header Files</Filter>
    </ClInclude>
    <ClInclude Include="RemoveElement.h">
      <Filter>Header Files</Filter>
    </ClInclude>
    <ClInclude Include="SearchIndexNumber.h">
      <Filter>Header Files</Filter>
    </ClInclude>
    <ClInclude Include="SearchForRange.h">
      <Filter>Header Files</Filter>
    </ClInclude>
    <ClInclude Include="HuwWeiTestCharReverse.h">
      <Filter>Header Files</Filter>
    </ClInclude>
    <ClInclude Include="HuaWeiTestCountrySort.h">
      <Filter>Header Files</Filter>
    </ClInclude>
    <ClInclude Include="EditDistance.h">
      <Filter>Header Files</Filter>
    </ClInclude>
    <ClInclude Include="CountPrimes.h">
      <Filter>Header Files</Filter>
    </ClInclude>
    <ClInclude Include="CountAndSay.h">
      <Filter>Header Files</Filter>
    </ClInclude>
    <ClInclude Include="NumberOfIslands.h">
      <Filter>Header Files</Filter>
    </ClInclude>
    <ClInclude Include="CoinChange.h">
      <Filter>Header Files</Filter>
    </ClInclude>
    <ClInclude Include="TestC_basci.h">
      <Filter>Header Files</Filter>
    </ClInclude>
  </ItemGroup>
</Project>